
Microsoft Visual Studio Solution File, Format Version 12.00
# Visual Studio Version 17
VisualStudioVersion = 17.8.34322.80
MinimumVisualStudioVersion = 10.0.40219.1
Project("{9A19103F-16F7-4668-BE54-9A1E7A4F7556}") = "ConsoleAppWsl", "ConsoleAppWsl.csproj", "{AD4CC71A-11DA-4E03-86D5-42F6FB2861CB}"
EndProject
Global
	GlobalSection(SolutionConfigurationPlatforms) = preSolution
		Debug|Any CPU = Debug|Any CPU
		Release|Any CPU = Release|Any CPU
	EndGlobalSection
	GlobalSection(ProjectConfigurationPlatforms) = postSolution
		{AD4CC71A-11DA-4E03-86D5-42F6FB2861CB}.Debug|Any CPU.ActiveCfg = Debug|Any CPU
		{AD4CC71A-11DA-4E03-86D5-42F6FB2861CB}.Debug|Any CPU.Build.0 = Debug|Any CPU
		{AD4CC71A-11DA-4E03-86D5-42F6FB2861CB}.Release|Any CPU.ActiveCfg = Release|Any CPU
		{AD4CC71A-11DA-4E03-86D5-42F6FB2861CB}.Release|Any CPU.Build.0 = Release|Any CPU
	EndGlobalSection
	GlobalSection(SolutionProperties) = preSolution
		HideSolutionNode = FALSE
	EndGlobalSection
	GlobalSection(ExtensibilityGlobals) = postSolution
		SolutionGuid = {8ABE3324-E211-453D-965A-4896A0904E22}
	EndGlobalSection
EndGlobal
