
Microsoft Visual Studio Solution File, Format Version 12.00
# Visual Studio Version 17
VisualStudioVersion = 17.8.34322.80
MinimumVisualStudioVersion = 10.0.40219.1
Project("{9A19103F-16F7-4668-BE54-9A1E7A4F7556}") = "wsl_and_docker", "wsl_and_docker.csproj", "{40E35344-B9A3-406E-A86B-1D257593E686}"
EndProject
Global
	GlobalSection(SolutionConfigurationPlatforms) = preSolution
		Debug|Any CPU = Debug|Any CPU
		Release|Any CPU = Release|Any CPU
	EndGlobalSection
	GlobalSection(ProjectConfigurationPlatforms) = postSolution
		{40E35344-B9A3-406E-A86B-1D257593E686}.Debug|Any CPU.ActiveCfg = Debug|Any CPU
		{40E35344-B9A3-406E-A86B-1D257593E686}.Debug|Any CPU.Build.0 = Debug|Any CPU
		{40E35344-B9A3-406E-A86B-1D257593E686}.Release|Any CPU.ActiveCfg = Release|Any CPU
		{40E35344-B9A3-406E-A86B-1D257593E686}.Release|Any CPU.Build.0 = Release|Any CPU
	EndGlobalSection
	GlobalSection(SolutionProperties) = preSolution
		HideSolutionNode = FALSE
	EndGlobalSection
	GlobalSection(ExtensibilityGlobals) = postSolution
		SolutionGuid = {D55B1A8B-9A71-4942-BFDF-691EBAD21980}
	EndGlobalSection
EndGlobal
